
Microsoft Visual Studio Solution File, Format Version 12.00
# Visual Studio Version 17
VisualStudioVersion = 17.10.35122.118
MinimumVisualStudioVersion = 10.0.40219.1
Project("{FAE04EC0-301F-11D3-BF4B-00C04F79EFBC}") = "Harjoitus 1", "Harjoitus 1\Harjoitus 1.csproj", "{22EC15B4-63CB-4EC1-9B24-B60F2B671BD3}"
EndProject
Global
	GlobalSection(SolutionConfigurationPlatforms) = preSolution
		Debug|Any CPU = Debug|Any CPU
		Release|Any CPU = Release|Any CPU
	EndGlobalSection
	GlobalSection(ProjectConfigurationPlatforms) = postSolution
		{22EC15B4-63CB-4EC1-9B24-B60F2B671BD3}.Debug|Any CPU.ActiveCfg = Debug|Any CPU
		{22EC15B4-63CB-4EC1-9B24-B60F2B671BD3}.Debug|Any CPU.Build.0 = Debug|Any CPU
		{22EC15B4-63CB-4EC1-9B24-B60F2B671BD3}.Release|Any CPU.ActiveCfg = Release|Any CPU
		{22EC15B4-63CB-4EC1-9B24-B60F2B671BD3}.Release|Any CPU.Build.0 = Release|Any CPU
	EndGlobalSection
	GlobalSection(SolutionProperties) = preSolution
		HideSolutionNode = FALSE
	EndGlobalSection
	GlobalSection(ExtensibilityGlobals) = postSolution
		SolutionGuid = {ED51D7F8-BA96-4174-9A2B-E209D3BE9413}
	EndGlobalSection
EndGlobal
