
Microsoft Visual Studio Solution File, Format Version 12.00
# Visual Studio Version 17
VisualStudioVersion = 17.10.35122.118
MinimumVisualStudioVersion = 10.0.40219.1
Project("{FAE04EC0-301F-11D3-BF4B-00C04F79EFBC}") = "Harjoitus 2", "Harjoitus 2\Harjoitus 2.csproj", "{64DAE3D7-BBD8-436B-A77F-954728AFEEC0}"
EndProject
Global
	GlobalSection(SolutionConfigurationPlatforms) = preSolution
		Debug|Any CPU = Debug|Any CPU
		Release|Any CPU = Release|Any CPU
	EndGlobalSection
	GlobalSection(ProjectConfigurationPlatforms) = postSolution
		{64DAE3D7-BBD8-436B-A77F-954728AFEEC0}.Debug|Any CPU.ActiveCfg = Debug|Any CPU
		{64DAE3D7-BBD8-436B-A77F-954728AFEEC0}.Debug|Any CPU.Build.0 = Debug|Any CPU
		{64DAE3D7-BBD8-436B-A77F-954728AFEEC0}.Release|Any CPU.ActiveCfg = Release|Any CPU
		{64DAE3D7-BBD8-436B-A77F-954728AFEEC0}.Release|Any CPU.Build.0 = Release|Any CPU
	EndGlobalSection
	GlobalSection(SolutionProperties) = preSolution
		HideSolutionNode = FALSE
	EndGlobalSection
	GlobalSection(ExtensibilityGlobals) = postSolution
		SolutionGuid = {4B13BAF5-B9B9-4FF6-BA7F-B1B248A481F7}
	EndGlobalSection
EndGlobal
