
Microsoft Visual Studio Solution File, Format Version 12.00
# Visual Studio Version 17
VisualStudioVersion = 17.11.35219.272
MinimumVisualStudioVersion = 10.0.40219.1
Project("{FAE04EC0-301F-11D3-BF4B-00C04F79EFBC}") = "Harjoitus 16", "Harjoitus 16\Harjoitus 16.csproj", "{69EEB92C-2BE0-4B36-8095-02F1909B3CC9}"
EndProject
Global
	GlobalSection(SolutionConfigurationPlatforms) = preSolution
		Debug|Any CPU = Debug|Any CPU
		Release|Any CPU = Release|Any CPU
	EndGlobalSection
	GlobalSection(ProjectConfigurationPlatforms) = postSolution
		{69EEB92C-2BE0-4B36-8095-02F1909B3CC9}.Debug|Any CPU.ActiveCfg = Debug|Any CPU
		{69EEB92C-2BE0-4B36-8095-02F1909B3CC9}.Debug|Any CPU.Build.0 = Debug|Any CPU
		{69EEB92C-2BE0-4B36-8095-02F1909B3CC9}.Release|Any CPU.ActiveCfg = Release|Any CPU
		{69EEB92C-2BE0-4B36-8095-02F1909B3CC9}.Release|Any CPU.Build.0 = Release|Any CPU
	EndGlobalSection
	GlobalSection(SolutionProperties) = preSolution
		HideSolutionNode = FALSE
	EndGlobalSection
	GlobalSection(ExtensibilityGlobals) = postSolution
		SolutionGuid = {88AB1C28-31A8-45A8-AF83-E8E722B785E7}
	EndGlobalSection
EndGlobal
